deps = [
    {
        isFeral = false;
        name = "libcurl";
        constraint = ">=8.21.0";
        sha256 = "";
        url = "";
    },
    {
        isFeral = true;
        sha256 = "71e7040cf189683c7ce8000bd4ce63a6a5815d07f5fec393595addf8e07c0fd0";
        url = "https://github.com/Feral-Lang/LibCurl/archive/refs/tags/0.2.0.tar.gz";
        constraint = ">=0.2.0,<0.3.0";
        name = "Curl";
    }
];
